
Microsoft Visual Studio Solution File, Format Version 12.00
# Visual Studio Version 17
VisualStudioVersion = 17.7.34024.191
MinimumVisualStudioVersion = 10.0.40219.1
Project("{8BC9CEB8-8B4A-11D0-8D11-00A0C91BC942}") = "pppppp", "pppppp\pppppp.vcxproj", "{AAC05B81-D35C-4691-9CC6-F92A67961A2D}"
EndProject
Global
	GlobalSection(SolutionConfigurationPlatforms) = preSolution
		Debug|x64 = Debug|x64
		Debug|x86 = Debug|x86
		Release|x64 = Release|x64
		Release|x86 = Release|x86
	EndGlobalSection
	GlobalSection(ProjectConfigurationPlatforms) = postSolution
		{AAC05B81-D35C-4691-9CC6-F92A67961A2D}.Debug|x64.ActiveCfg = Debug|x64
		{AAC05B81-D35C-4691-9CC6-F92A67961A2D}.Debug|x64.Build.0 = Debug|x64
		{AAC05B81-D35C-4691-9CC6-F92A67961A2D}.Debug|x86.ActiveCfg = Debug|Win32
		{AAC05B81-D35C-4691-9CC6-F92A67961A2D}.Debug|x86.Build.0 = Debug|Win32
		{AAC05B81-D35C-4691-9CC6-F92A67961A2D}.Release|x64.ActiveCfg = Release|x64
		{AAC05B81-D35C-4691-9CC6-F92A67961A2D}.Release|x64.Build.0 = Release|x64
		{AAC05B81-D35C-4691-9CC6-F92A67961A2D}.Release|x86.ActiveCfg = Release|Win32
		{AAC05B81-D35C-4691-9CC6-F92A67961A2D}.Release|x86.Build.0 = Release|Win32
	EndGlobalSection
	GlobalSection(SolutionProperties) = preSolution
		HideSolutionNode = FALSE
	EndGlobalSection
	GlobalSection(ExtensibilityGlobals) = postSolution
		SolutionGuid = {9E7C8E2C-9E15-48FC-8596-BFE0A4C5F4B4}
	EndGlobalSection
EndGlobal
